// !$*UTF8*$!
{
	archiveVersion = 1;
	classes = {
	};
	objectVersion = 56;
	objects = {

/* Begin PBXBuildFile section */
		C03C44282BAEDE4200601894 /* AppDelegate.swift in Sources */ = {isa = PBXBuildFile; fileRef = C03C44272BAEDE4200601894 /* AppDelegate.swift */; };
		C03C442A2BAEDE4200601894 /* SceneDelegate.swift in Sources */ = {isa = PBXBuildFile; fileRef = C03C44292BAEDE4200601894 /* SceneDelegate.swift */; };
		C03C442C2BAEDE4200601894 /* HomeView.swift in Sources */ = {isa = PBXBuildFile; fileRef = C03C442B2BAEDE4200601894 /* HomeView.swift */; };
		C03C44312BAEDE4400601894 /* Assets.xcassets in Resources */ = {isa = PBXBuildFile; fileRef = C03C44302BAEDE4400601894 /* Assets.xcassets */; };
		C03C44342BAEDE4400601894 /* LaunchScreen.storyboard in Resources */ = {isa = PBXBuildFile; fileRef = C03C44322BAEDE4400601894 /* LaunchScreen.storyboard */; };
		C03C443F2BAF621A00601894 /* NotesCVCell.swift in Sources */ = {isa = PBXBuildFile; fileRef = C03C443E2BAF621A00601894 /* NotesCVCell.swift */; };
		C03C44442BAF816C00601894 /* HomeController.swift in Sources */ = {isa = PBXBuildFile; fileRef = C03C44432BAF816C00601894 /* HomeController.swift */; };
		C03C44462BAF818400601894 /* HomeModel.swift in Sources */ = {isa = PBXBuildFile; fileRef = C03C44452BAF818400601894 /* HomeModel.swift */; };
		C03C44492BAF9FE700601894 /* SettingsView.swift in Sources */ = {isa = PBXBuildFile; fileRef = C03C44482BAF9FE700601894 /* SettingsView.swift */; };
		C03C444C2BB0077A00601894 /* SettingsController.swift in Sources */ = {isa = PBXBuildFile; fileRef = C03C444B2BB0077A00601894 /* SettingsController.swift */; };
		C03C444E2BB0079100601894 /* SettingsModel.swift in Sources */ = {isa = PBXBuildFile; fileRef = C03C444D2BB0079100601894 /* SettingsModel.swift */; };
		C03C44552BB1535800601894 /* SettingsTVCell.swift in Sources */ = {isa = PBXBuildFile; fileRef = C03C44542BB1535800601894 /* SettingsTVCell.swift */; };
/* End PBXBuildFile section */

/* Begin PBXFileReference section */
		C03C44242BAEDE4200601894 /* NotesProject_23G_5M.app */ = {isa = PBXFileReference; explicitFileType = wrapper.application; includeInIndex = 0; path = NotesProject_23G_5M.app; sourceTree = BUILT_PRODUCTS_DIR; };
		C03C44272BAEDE4200601894 /* AppDelegate.swift */ = {isa = PBXFileReference; lastKnownFileType = sourcecode.swift; path = AppDelegate.swift; sourceTree = "<group>"; };
		C03C44292BAEDE4200601894 /* SceneDelegate.swift */ = {isa = PBXFileReference; lastKnownFileType = sourcecode.swift; path = SceneDelegate.swift; sourceTree = "<group>"; };
		C03C442B2BAEDE4200601894 /* HomeView.swift */ = {isa = PBXFileReference; lastKnownFileType = sourcecode.swift; path = HomeView.swift; sourceTree = "<group>"; };
		C03C44302BAEDE4400601894 /* Assets.xcassets */ = {isa = PBXFileReference; lastKnownFileType = folder.assetcatalog; path = Assets.xcassets; sourceTree = "<group>"; };
		C03C44332BAEDE4400601894 /* Base */ = {isa = PBXFileReference; lastKnownFileType = file.storyboard; name = Base; path = Base.lproj/LaunchScreen.storyboard; sourceTree = "<group>"; };
		C03C44352BAEDE4400601894 /* Info.plist */ = {isa = PBXFileReference; lastKnownFileType = text.plist.xml; path = Info.plist; sourceTree = "<group>"; };
		C03C443E2BAF621A00601894 /* NotesCVCell.swift */ = {isa = PBXFileReference; lastKnownFileType = sourcecode.swift; path = NotesCVCell.swift; sourceTree = "<group>"; };
		C03C44432BAF816C00601894 /* HomeController.swift */ = {isa = PBXFileReference; lastKnownFileType = sourcecode.swift; path = HomeController.swift; sourceTree = "<group>"; };
		C03C44452BAF818400601894 /* HomeModel.swift */ = {isa = PBXFileReference; lastKnownFileType = sourcecode.swift; path = HomeModel.swift; sourceTree = "<group>"; };
		C03C44482BAF9FE700601894 /* SettingsView.swift */ = {isa = PBXFileReference; lastKnownFileType = sourcecode.swift; path = SettingsView.swift; sourceTree = "<group>"; };
		C03C444B2BB0077A00601894 /* SettingsController.swift */ = {isa = PBXFileReference; lastKnownFileType = sourcecode.swift; path = SettingsController.swift; sourceTree = "<group>"; };
		C03C444D2BB0079100601894 /* SettingsModel.swift */ = {isa = PBXFileReference; lastKnownFileType = sourcecode.swift; path = SettingsModel.swift; sourceTree = "<group>"; };
		C03C44542BB1535800601894 /* SettingsTVCell.swift */ = {isa = PBXFileReference; lastKnownFileType = sourcecode.swift; path = SettingsTVCell.swift; sourceTree = "<group>"; };
/* End PBXFileReference section */

/* Begin PBXFrameworksBuildPhase section */
		C03C44212BAEDE4200601894 /* Frameworks */ = {
			isa = PBXFrameworksBuildPhase;
			buildActionMask = 2147483647;
			files = (
			);
			runOnlyForDeploymentPostprocessing = 0;
		};
/* End PBXFrameworksBuildPhase section */

/* Begin PBXGroup section */
		C03C441B2BAEDE4200601894 = {
			isa = PBXGroup;
			children = (
				C03C44262BAEDE4200601894 /* NotesProject_23G_5M */,
				C03C44252BAEDE4200601894 /* Products */,
			);
			sourceTree = "<group>";
		};
		C03C44252BAEDE4200601894 /* Products */ = {
			isa = PBXGroup;
			children = (
				C03C44242BAEDE4200601894 /* NotesProject_23G_5M.app */,
			);
			name = Products;
			sourceTree = "<group>";
		};
		C03C44262BAEDE4200601894 /* NotesProject_23G_5M */ = {
			isa = PBXGroup;
			children = (
				C03C443D2BAF42C000601894 /* Modules */,
				C03C443B2BAEDE7A00601894 /* AppDelegate */,
				C03C443C2BAEDE8E00601894 /* Resources */,
			);
			path = NotesProject_23G_5M;
			sourceTree = "<group>";
		};
		C03C443B2BAEDE7A00601894 /* AppDelegate */ = {
			isa = PBXGroup;
			children = (
				C03C44272BAEDE4200601894 /* AppDelegate.swift */,
				C03C44292BAEDE4200601894 /* SceneDelegate.swift */,
			);
			path = AppDelegate;
			sourceTree = "<group>";
		};
		C03C443C2BAEDE8E00601894 /* Resources */ = {
			isa = PBXGroup;
			children = (
				C03C44302BAEDE4400601894 /* Assets.xcassets */,
				C03C44322BAEDE4400601894 /* LaunchScreen.storyboard */,
				C03C44352BAEDE4400601894 /* Info.plist */,
			);
			path = Resources;
			sourceTree = "<group>";
		};
		C03C443D2BAF42C000601894 /* Modules */ = {
			isa = PBXGroup;
			children = (
				C03C444A2BAFA08A00601894 /* Settings */,
				C03C44402BAF660500601894 /* Home */,
			);
			path = Modules;
			sourceTree = "<group>";
		};
		C03C44402BAF660500601894 /* Home */ = {
			isa = PBXGroup;
			children = (
				C03C442B2BAEDE4200601894 /* HomeView.swift */,
				C03C44472BAF81B700601894 /* Cells */,
				C03C44432BAF816C00601894 /* HomeController.swift */,
				C03C44452BAF818400601894 /* HomeModel.swift */,
			);
			path = Home;
			sourceTree = "<group>";
		};
		C03C44472BAF81B700601894 /* Cells */ = {
			isa = PBXGroup;
			children = (
				C03C443E2BAF621A00601894 /* NotesCVCell.swift */,
			);
			path = Cells;
			sourceTree = "<group>";
		};
		C03C444A2BAFA08A00601894 /* Settings */ = {
			isa = PBXGroup;
			children = (
				C03C44482BAF9FE700601894 /* SettingsView.swift */,
				C03C44542BB1535800601894 /* SettingsTVCell.swift */,
				C03C444B2BB0077A00601894 /* SettingsController.swift */,
				C03C444D2BB0079100601894 /* SettingsModel.swift */,
			);
			path = Settings;
			sourceTree = "<group>";
		};
/* End PBXGroup section */

/* Begin PBXNativeTarget section */
		C03C44232BAEDE4200601894 /* NotesProject_23G_5M */ = {
			isa = PBXNativeTarget;
			buildConfigurationList = C03C44382BAEDE4400601894 /* Build configuration list for PBXNativeTarget "NotesProject_23G_5M" */;
			buildPhases = (
				C03C44202BAEDE4200601894 /* Sources */,
				C03C44212BAEDE4200601894 /* Frameworks */,
				C03C44222BAEDE4200601894 /* Resources */,
			);
			buildRules = (
			);
			dependencies = (
			);
			name = NotesProject_23G_5M;
			productName = NotesProject_23G_5M;
			productReference = C03C44242BAEDE4200601894 /* NotesProject_23G_5M.app */;
			productType = "com.apple.product-type.application";
		};
/* End PBXNativeTarget section */

/* Begin PBXProject section */
		C03C441C2BAEDE4200601894 /* Project object */ = {
			isa = PBXProject;
			attributes = {
				BuildIndependentTargetsInParallel = 1;
				LastSwiftUpdateCheck = 1520;
				LastUpgradeCheck = 1520;
				TargetAttributes = {
					C03C44232BAEDE4200601894 = {
						CreatedOnToolsVersion = 15.2;
					};
				};
			};
			buildConfigurationList = C03C441F2BAEDE4200601894 /* Build configuration list for PBXProject "NotesProject_23G_5M" */;
			compatibilityVersion = "Xcode 14.0";
			developmentRegion = en;
			hasScannedForEncodings = 0;
			knownRegions = (
				en,
				Base,
			);
			mainGroup = C03C441B2BAEDE4200601894;
			productRefGroup = C03C44252BAEDE4200601894 /* Products */;
			projectDirPath = "";
			projectRoot = "";
			targets = (
				C03C44232BAEDE4200601894 /* NotesProject_23G_5M */,
			);
		};
/* End PBXProject section */

/* Begin PBXResourcesBuildPhase section */
		C03C44222BAEDE4200601894 /* Resources */ = {
			isa = PBXResourcesBuildPhase;
			buildActionMask = 2147483647;
			files = (
				C03C44342BAEDE4400601894 /* LaunchScreen.storyboard in Resources */,
				C03C44312BAEDE4400601894 /* Assets.xcassets in Resources */,
			);
			runOnlyForDeploymentPostprocessing = 0;
		};
/* End PBXResourcesBuildPhase section */

/* Begin PBXSourcesBuildPhase section */
		C03C44202BAEDE4200601894 /* Sources */ = {
			isa = PBXSourcesBuildPhase;
			buildActionMask = 2147483647;
			files = (
				C03C444E2BB0079100601894 /* SettingsModel.swift in Sources */,
				C03C444C2BB0077A00601894 /* SettingsController.swift in Sources */,
				C03C443F2BAF621A00601894 /* NotesCVCell.swift in Sources */,
				C03C44442BAF816C00601894 /* HomeController.swift in Sources */,
				C03C44492BAF9FE700601894 /* SettingsView.swift in Sources */,
				C03C44552BB1535800601894 /* SettingsTVCell.swift in Sources */,
				C03C44462BAF818400601894 /* HomeModel.swift in Sources */,
				C03C442C2BAEDE4200601894 /* HomeView.swift in Sources */,
				C03C44282BAEDE4200601894 /* AppDelegate.swift in Sources */,
				C03C442A2BAEDE4200601894 /* SceneDelegate.swift in Sources */,
			);
			runOnlyForDeploymentPostprocessing = 0;
		};
/* End PBXSourcesBuildPhase section */

/* Begin PBXVariantGroup section */
		C03C44322BAEDE4400601894 /* LaunchScreen.storyboard */ = {
			isa = PBXVariantGroup;
			children = (
				C03C44332BAEDE4400601894 /* Base */,
			);
			name = LaunchScreen.storyboard;
			sourceTree = "<group>";
		};
/* End PBXVariantGroup section */

/* Begin XCBuildConfiguration section */
		C03C44362BAEDE4400601894 /* Debug */ = {
			isa = XCBuildConfiguration;
			buildSettings = {
				ALWAYS_SEARCH_USER_PATHS = NO;
				ASSETCATALOG_COMPILER_GENERATE_SWIFT_ASSET_SYMBOL_EXTENSIONS = YES;
				CLANG_ANALYZER_NONNULL = YES;
				CLANG_ANALYZER_NUMBER_OBJECT_CONVERSION = YES_AGGRESSIVE;
				CLANG_CXX_LANGUAGE_STANDARD = "gnu++20";
				CLANG_ENABLE_MODULES = YES;
				CLANG_ENABLE_OBJC_ARC = YES;
				CLANG_ENABLE_OBJC_WEAK = YES;
				CLANG_WARN_BLOCK_CAPTURE_AUTORELEASING = YES;
				CLANG_WARN_BOOL_CONVERSION = YES;
				CLANG_WARN_COMMA = YES;
				CLANG_WARN_CONSTANT_CONVERSION = YES;
				CLANG_WARN_DEPRECATED_OBJC_IMPLEMENTATIONS = YES;
				CLANG_WARN_DIRECT_OBJC_ISA_USAGE = YES_ERROR;
				CLANG_WARN_DOCUMENTATION_COMMENTS = YES;
				CLANG_WARN_EMPTY_BODY = YES;
				CLANG_WARN_ENUM_CONVERSION = YES;
				CLANG_WARN_INFINITE_RECURSION = YES;
				CLANG_WARN_INT_CONVERSION = YES;
				CLANG_WARN_NON_LITERAL_NULL_CONVERSION = YES;
				CLANG_WARN_OBJC_IMPLICIT_RETAIN_SELF = YES;
				CLANG_WARN_OBJC_LITERAL_CONVERSION = YES;
				CLANG_WARN_OBJC_ROOT_CLASS = YES_ERROR;
				CLANG_WARN_QUOTED_INCLUDE_IN_FRAMEWORK_HEADER = YES;
				CLANG_WARN_RANGE_LOOP_ANALYSIS = YES;
				CLANG_WARN_STRICT_PROTOTYPES = YES;
				CLANG_WARN_SUSPICIOUS_MOVE = YES;
				CLANG_WARN_UNGUARDED_AVAILABILITY = YES_AGGRESSIVE;
				CLANG_WARN_UNREACHABLE_CODE = YES;
				CLANG_WARN__DUPLICATE_METHOD_MATCH = YES;
				COPY_PHASE_STRIP = NO;
				DEBUG_INFORMATION_FORMAT = dwarf;
				ENABLE_STRICT_OBJC_MSGSEND = YES;
				ENABLE_TESTABILITY = YES;
				ENABLE_USER_SCRIPT_SANDBOXING = YES;
				GCC_C_LANGUAGE_STANDARD = gnu17;
				GCC_DYNAMIC_NO_PIC = NO;
				GCC_NO_COMMON_BLOCKS = YES;
				GCC_OPTIMIZATION_LEVEL = 0;
				GCC_PREPROCESSOR_DEFINITIONS = (
					"DEBUG=1",
					"$(inherited)",
				);
				GCC_WARN_64_TO_32_BIT_CONVERSION = YES;
				GCC_WARN_ABOUT_RETURN_TYPE = YES_ERROR;
				GCC_WARN_UNDECLARED_SELECTOR = YES;
				GCC_WARN_UNINITIALIZED_AUTOS = YES_AGGRESSIVE;
				GCC_WARN_UNUSED_FUNCTION = YES;
				GCC_WARN_UNUSED_VARIABLE = YES;
				IPHONEOS_DEPLOYMENT_TARGET = 17.2;
				LOCALIZATION_PREFERS_STRING_CATALOGS = YES;
				MTL_ENABLE_DEBUG_INFO = INCLUDE_SOURCE;
				MTL_FAST_MATH = YES;
				ONLY_ACTIVE_ARCH = YES;
				SDKROOT = iphoneos;
				SWIFT_ACTIVE_COMPILATION_CONDITIONS = "DEBUG $(inherited)";
				SWIFT_OPTIMIZATION_LEVEL = "-Onone";
			};
			name = Debug;
		};
		C03C44372BAEDE4400601894 /* Release */ = {
			isa = XCBuildConfiguration;
			buildSettings = {
				ALWAYS_SEARCH_USER_PATHS = NO;
				ASSETCATALOG_COMPILER_GENERATE_SWIFT_ASSET_SYMBOL_EXTENSIONS = YES;
				CLANG_ANALYZER_NONNULL = YES;
				CLANG_ANALYZER_NUMBER_OBJECT_CONVERSION = YES_AGGRESSIVE;
				CLANG_CXX_LANGUAGE_STANDARD = "gnu++20";
				CLANG_ENABLE_MODULES = YES;
				CLANG_ENABLE_OBJC_ARC = YES;
				CLANG_ENABLE_OBJC_WEAK = YES;
				CLANG_WARN_BLOCK_CAPTURE_AUTORELEASING = YES;
				CLANG_WARN_BOOL_CONVERSION = YES;
				CLANG_WARN_COMMA = YES;
				CLANG_WARN_CONSTANT_CONVERSION = YES;
				CLANG_WARN_DEPRECATED_OBJC_IMPLEMENTATIONS = YES;
				CLANG_WARN_DIRECT_OBJC_ISA_USAGE = YES_ERROR;
				CLANG_WARN_DOCUMENTATION_COMMENTS = YES;
				CLANG_WARN_EMPTY_BODY = YES;
				CLANG_WARN_ENUM_CONVERSION = YES;
				CLANG_WARN_INFINITE_RECURSION = YES;
				CLANG_WARN_INT_CONVERSION = YES;
				CLANG_WARN_NON_LITERAL_NULL_CONVERSION = YES;
				CLANG_WARN_OBJC_IMPLICIT_RETAIN_SELF = YES;
				CLANG_WARN_OBJC_LITERAL_CONVERSION = YES;
				CLANG_WARN_OBJC_ROOT_CLASS = YES_ERROR;
				CLANG_WARN_QUOTED_INCLUDE_IN_FRAMEWORK_HEADER = YES;
				CLANG_WARN_RANGE_LOOP_ANALYSIS = YES;
				CLANG_WARN_STRICT_PROTOTYPES = YES;
				CLANG_WARN_SUSPICIOUS_MOVE = YES;
				CLANG_WARN_UNGUARDED_AVAILABILITY = YES_AGGRESSIVE;
				CLANG_WARN_UNREACHABLE_CODE = YES;
				CLANG_WARN__DUPLICATE_METHOD_MATCH = YES;
				COPY_PHASE_STRIP = NO;
				DEBUG_INFORMATION_FORMAT = "dwarf-with-dsym";
				ENABLE_NS_ASSERTIONS = NO;
				ENABLE_STRICT_OBJC_MSGSEND = YES;
				ENABLE_USER_SCRIPT_SANDBOXING = YES;
				GCC_C_LANGUAGE_STANDARD = gnu17;
				GCC_NO_COMMON_BLOCKS = YES;
				GCC_WARN_64_TO_32_BIT_CONVERSION = YES;
				GCC_WARN_ABOUT_RETURN_TYPE = YES_ERROR;
				GCC_WARN_UNDECLARED_SELECTOR = YES;
				GCC_WARN_UNINITIALIZED_AUTOS = YES_AGGRESSIVE;
				GCC_WARN_UNUSED_FUNCTION = YES;
				GCC_WARN_UNUSED_VARIABLE = YES;
				IPHONEOS_DEPLOYMENT_TARGET = 17.2;
				LOCALIZATION_PREFERS_STRING_CATALOGS = YES;
				MTL_ENABLE_DEBUG_INFO = NO;
				MTL_FAST_MATH = YES;
				SDKROOT = iphoneos;
				SWIFT_COMPILATION_MODE = wholemodule;
				VALIDATE_PRODUCT = YES;
			};
			name = Release;
		};
		C03C44392BAEDE4400601894 /* Debug */ = {
			isa = XCBuildConfiguration;
			buildSettings = {
				ASSETCATALOG_COMPILER_APPICON_NAME = AppIcon;
				ASSETCATALOG_COMPILER_GLOBAL_ACCENT_COLOR_NAME = AccentColor;
				CODE_SIGN_STYLE = Automatic;
				CURRENT_PROJECT_VERSION = 1;
				DEVELOPMENT_TEAM = BV2B832NGF;
				GENERATE_INFOPLIST_FILE = YES;
				INFOPLIST_FILE = NotesProject_23G_5M/Resources/Info.plist;
				INFOPLIST_KEY_UIApplicationSupportsIndirectInputEvents = YES;
				INFOPLIST_KEY_UILaunchStoryboardName = LaunchScreen;
				INFOPLIST_KEY_UISupportedInterfaceOrientations_iPad = "UIInterfaceOrientationPortrait UIInterfaceOrientationPortraitUpsideDown UIInterfaceOrientationLandscapeLeft UIInterfaceOrientationLandscapeRight";
				INFOPLIST_KEY_UISupportedInterfaceOrientations_iPhone = "UIInterfaceOrientationPortrait UIInterfaceOrientationLandscapeLeft UIInterfaceOrientationLandscapeRight";
				LD_RUNPATH_SEARCH_PATHS = (
					"$(inherited)",
					"@executable_path/Frameworks",
				);
				MARKETING_VERSION = 1.0;
				PRODUCT_BUNDLE_IDENTIFIER = "almaz.NotesProject-23G-5M";
				PRODUCT_NAME = "$(TARGET_NAME)";
				SWIFT_EMIT_LOC_STRINGS = YES;
				SWIFT_VERSION = 5.0;
				TARGETED_DEVICE_FAMILY = "1,2";
			};
			name = Debug;
		};
		C03C443A2BAEDE4400601894 /* Release */ = {
			isa = XCBuildConfiguration;
			buildSettings = {
				ASSETCATALOG_COMPILER_APPICON_NAME = AppIcon;
				ASSETCATALOG_COMPILER_GLOBAL_ACCENT_COLOR_NAME = AccentColor;
				CODE_SIGN_STYLE = Automatic;
				CURRENT_PROJECT_VERSION = 1;
				DEVELOPMENT_TEAM = BV2B832NGF;
				GENERATE_INFOPLIST_FILE = YES;
				INFOPLIST_FILE = NotesProject_23G_5M/Resources/Info.plist;
				INFOPLIST_KEY_UIApplicationSupportsIndirectInputEvents = YES;
				INFOPLIST_KEY_UILaunchStoryboardName = LaunchScreen;
				INFOPLIST_KEY_UISupportedInterfaceOrientations_iPad = "UIInterfaceOrientationPortrait UIInterfaceOrientationPortraitUpsideDown UIInterfaceOrientationLandscapeLeft UIInterfaceOrientationLandscapeRight";
				INFOPLIST_KEY_UISupportedInterfaceOrientations_iPhone = "UIInterfaceOrientationPortrait UIInterfaceOrientationLandscapeLeft UIInterfaceOrientationLandscapeRight";
				LD_RUNPATH_SEARCH_PATHS = (
					"$(inherited)",
					"@executable_path/Frameworks",
				);
				MARKETING_VERSION = 1.0;
				PRODUCT_BUNDLE_IDENTIFIER = "almaz.NotesProject-23G-5M";
				PRODUCT_NAME = "$(TARGET_NAME)";
				SWIFT_EMIT_LOC_STRINGS = YES;
				SWIFT_VERSION = 5.0;
				TARGETED_DEVICE_FAMILY = "1,2";
			};
			name = Release;
		};
/* End XCBuildConfiguration section */

/* Begin XCConfigurationList section */
		C03C441F2BAEDE4200601894 /* Build configuration list for PBXProject "NotesProject_23G_5M" */ = {
			isa = XCConfigurationList;
			buildConfigurations = (
				C03C44362BAEDE4400601894 /* Debug */,
				C03C44372BAEDE4400601894 /* Release */,
			);
			defaultConfigurationIsVisible = 0;
			defaultConfigurationName = Release;
		};
		C03C44382BAEDE4400601894 /* Build configuration list for PBXNativeTarget "NotesProject_23G_5M" */ = {
			isa = XCConfigurationList;
			buildConfigurations = (
				C03C44392BAEDE4400601894 /* Debug */,
				C03C443A2BAEDE4400601894 /* Release */,
			);
			defaultConfigurationIsVisible = 0;
			defaultConfigurationName = Release;
		};
/* End XCConfigurationList section */
	};
	rootObject = C03C441C2BAEDE4200601894 /* Project object */;
}
